
Microsoft Visual Studio Solution File, Format Version 12.00
# Visual Studio Version 16
VisualStudioVersion = 16.0.31829.152
MinimumVisualStudioVersion = 10.0.40219.1
Project("{FAE04EC0-301F-11D3-BF4B-00C04F79EFBC}") = "TravelTripProje", "TravelTripProje\TravelTripProje.csproj", "{6720848A-4C24-4FC0-B26E-755E7EB5B5E3}"
EndProject
Global
	GlobalSection(SolutionConfigurationPlatforms) = preSolution
		Debug|Any CPU = Debug|Any CPU
		Release|Any CPU = Release|Any CPU
	EndGlobalSection
	GlobalSection(ProjectConfigurationPlatforms) = postSolution
		{6720848A-4C24-4FC0-B26E-755E7EB5B5E3}.Debug|Any CPU.ActiveCfg = Debug|Any CPU
		{6720848A-4C24-4FC0-B26E-755E7EB5B5E3}.Debug|Any CPU.Build.0 = Debug|Any CPU
		{6720848A-4C24-4FC0-B26E-755E7EB5B5E3}.Release|Any CPU.ActiveCfg = Release|Any CPU
		{6720848A-4C24-4FC0-B26E-755E7EB5B5E3}.Release|Any CPU.Build.0 = Release|Any CPU
	EndGlobalSection
	GlobalSection(SolutionProperties) = preSolution
		HideSolutionNode = FALSE
	EndGlobalSection
	GlobalSection(ExtensibilityGlobals) = postSolution
		SolutionGuid = {4257F7A4-DD5C-4F1A-9654-C71598945C70}
	EndGlobalSection
EndGlobal
